git.sr.ht/~timharek/openlibrary-go v0.0.0 h1:VR8r3CD4AqjE6b0QNUL/8aYenv7q//a8EX5FFbV1nk0=
git.sr.ht/~timharek/openlibrary-go v0.0.0/go.mod h1:DqHa0+KBKnXlQKn9tbb7SY4zwDOITGV07KWTO9kqzn0=
maragu.dev/gomponents v1.2.0 h1:H7/N5htz1GCnhu0HB1GasluWeU2rJZOYztVEyN61iTc=
maragu.dev/gomponents v1.2.0/go.mod h1:oEDahza2gZoXDoDHhw8jBNgH+3UR5ni7Ur648HORydM=
